# THIS IS AN AUTOGENERATED FILE. DO NOT EDIT THIS FILE DIRECTLY.
# yarn lockfile v1


"@spotify/prettier-config@file:E:\\Programming\\OpenSource\\web-scripts\\packages\\prettier-config":
  version "15.0.0"
  resolved "file:packages/prettier-config"

prettier@^3.0.0:
  version "3.0.0"
  resolved "https://registry.npmjs.org/prettier/-/prettier-3.0.0.tgz"
  integrity sha512-zBf5eHpwHOGPC47h0zrPyNn+eAEIdEzfywMoYn2XPi0P44Zp0tSq64rq0xAREh4auw2cJZHo9QUob+NqCQky4g==
